// !$*UTF8*$!
{
	archiveVersion = 1;
	classes = {
	};
	objectVersion = 55;
	objects = {

/* Begin PBXBuildFile section */
		850E49292A5621BB00B26DA8 /* chat-inject.js in Resources */ = {isa = PBXBuildFile; fileRef = 850E49282A5621BB00B26DA8 /* chat-inject.js */; };
		850E492A2A5621BB00B26DA8 /* chat-inject.js in Resources */ = {isa = PBXBuildFile; fileRef = 850E49282A5621BB00B26DA8 /* chat-inject.js */; };
		855CC5D92913179800F4F450 /* tabs.css in Resources */ = {isa = PBXBuildFile; fileRef = 855CC5D82913179800F4F450 /* tabs.css */; };
		855CC5DA2913179800F4F450 /* tabs.css in Resources */ = {isa = PBXBuildFile; fileRef = 855CC5D82913179800F4F450 /* tabs.css */; };
		85B1CBBA27B70B1A0031698A /* AppDelegate.swift in Sources */ = {isa = PBXBuildFile; fileRef = 85B1CBB927B70B1A0031698A /* AppDelegate.swift */; };
		85B1CBBC27B70B1A0031698A /* SceneDelegate.swift in Sources */ = {isa = PBXBuildFile; fileRef = 85B1CBBB27B70B1A0031698A /* SceneDelegate.swift */; };
		85B1CBBF27B70B1A0031698A /* LaunchScreen.storyboard in Resources */ = {isa = PBXBuildFile; fileRef = 85B1CBBD27B70B1A0031698A /* LaunchScreen.storyboard */; };
		85B1CBC227B70B1A0031698A /* Main.storyboard in Resources */ = {isa = PBXBuildFile; fileRef = 85B1CBC027B70B1A0031698A /* Main.storyboard */; };
		85B1CBCB27B70B1A0031698A /* AppDelegate.swift in Sources */ = {isa = PBXBuildFile; fileRef = 85B1CBCA27B70B1A0031698A /* AppDelegate.swift */; };
		85B1CBCE27B70B1A0031698A /* Main.storyboard in Resources */ = {isa = PBXBuildFile; fileRef = 85B1CBCC27B70B1A0031698A /* Main.storyboard */; };
		85B1CBD627B70B1A0031698A /* OSDS Extension.appex in Embed App Extensions */ = {isa = PBXBuildFile; fileRef = 85B1CBD527B70B1A0031698A /* OSDS Extension.appex */; settings = {ATTRIBUTES = (RemoveHeadersOnCopy, ); }; };
		85B1CBE027B70B1A0031698A /* OSDS Extension.appex in Embed App Extensions */ = {isa = PBXBuildFile; fileRef = 85B1CBDF27B70B1A0031698A /* OSDS Extension.appex */; settings = {ATTRIBUTES = (RemoveHeadersOnCopy, ); }; };
		85B1CBE627B70B1A0031698A /* Main.html in Resources */ = {isa = PBXBuildFile; fileRef = 85B1CBA927B70B180031698A /* Main.html */; };
		85B1CBE727B70B1A0031698A /* Main.html in Resources */ = {isa = PBXBuildFile; fileRef = 85B1CBA927B70B180031698A /* Main.html */; };
		85B1CBE827B70B1A0031698A /* Icon.png in Resources */ = {isa = PBXBuildFile; fileRef = 85B1CBAB27B70B180031698A /* Icon.png */; };
		85B1CBE927B70B1A0031698A /* Icon.png in Resources */ = {isa = PBXBuildFile; fileRef = 85B1CBAB27B70B180031698A /* Icon.png */; };
		85B1CBEA27B70B1A0031698A /* Style.css in Resources */ = {isa = PBXBuildFile; fileRef = 85B1CBAC27B70B180031698A /* Style.css */; };
		85B1CBEB27B70B1A0031698A /* Style.css in Resources */ = {isa = PBXBuildFile; fileRef = 85B1CBAC27B70B180031698A /* Style.css */; };
		85B1CBEC27B70B1A0031698A /* Script.js in Resources */ = {isa = PBXBuildFile; fileRef = 85B1CBAD27B70B180031698A /* Script.js */; };
		85B1CBED27B70B1A0031698A /* Script.js in Resources */ = {isa = PBXBuildFile; fileRef = 85B1CBAD27B70B180031698A /* Script.js */; };
		85B1CBEE27B70B1A0031698A /* ViewController.swift in Sources */ = {isa = PBXBuildFile; fileRef = 85B1CBAE27B70B180031698A /* ViewController.swift */; };
		85B1CBEF27B70B1A0031698A /* ViewController.swift in Sources */ = {isa = PBXBuildFile; fileRef = 85B1CBAE27B70B180031698A /* ViewController.swift */; };
		85B1CBF027B70B1A0031698A /* Assets.xcassets in Resources */ = {isa = PBXBuildFile; fileRef = 85B1CBAF27B70B1A0031698A /* Assets.xcassets */; };
		85B1CBF127B70B1A0031698A /* Assets.xcassets in Resources */ = {isa = PBXBuildFile; fileRef = 85B1CBAF27B70B1A0031698A /* Assets.xcassets */; };
		85B1CBF227B70B1A0031698A /* SafariWebExtensionHandler.swift in Sources */ = {isa = PBXBuildFile; fileRef = 85B1CBB127B70B1A0031698A /* SafariWebExtensionHandler.swift */; };
		85B1CBF327B70B1A0031698A /* SafariWebExtensionHandler.swift in Sources */ = {isa = PBXBuildFile; fileRef = 85B1CBB127B70B1A0031698A /* SafariWebExtensionHandler.swift */; };
		85B1CC2327B70B1B0031698A /* dataview.css in Resources */ = {isa = PBXBuildFile; fileRef = 85B1CC0527B70B1B0031698A /* dataview.css */; };
		85B1CC2427B70B1B0031698A /* html_gen.js in Resources */ = {isa = PBXBuildFile; fileRef = 85B1CC0627B70B1B0031698A /* html_gen.js */; };
		85B1CC2527B70B1B0031698A /* content.css in Resources */ = {isa = PBXBuildFile; fileRef = 85B1CC0727B70B1B0031698A /* content.css */; };
		85B1CC2627B70B1B0031698A /* background.js in Resources */ = {isa = PBXBuildFile; fileRef = 85B1CC0827B70B1B0031698A /* background.js */; };
		85B1CC2727B70B1B0031698A /* AUTHORS in Resources */ = {isa = PBXBuildFile; fileRef = 85B1CC0927B70B1B0031698A /* AUTHORS */; };
		85B1CC2827B70B1B0031698A /* handlers.js in Resources */ = {isa = PBXBuildFile; fileRef = 85B1CC0A27B70B1B0031698A /* handlers.js */; };
		85B1CC2927B70B1B0031698A /* images in Resources */ = {isa = PBXBuildFile; fileRef = 85B1CC0B27B70B1B0031698A /* images */; };
		85B1CC2A27B70B1B0031698A /* oidc-webid-inject.js in Resources */ = {isa = PBXBuildFile; fileRef = 85B1CC0C27B70B1B0031698A /* oidc-webid-inject.js */; };
		85B1CC2B27B70B1B0031698A /* helpers_ui.js in Resources */ = {isa = PBXBuildFile; fileRef = 85B1CC0D27B70B1B0031698A /* helpers_ui.js */; };
		85B1CC2C27B70B1B0031698A /* OidcWebid.js in Resources */ = {isa = PBXBuildFile; fileRef = 85B1CC0E27B70B1B0031698A /* OidcWebid.js */; };
		85B1CC2D27B70B1B0031698A /* options.js in Resources */ = {isa = PBXBuildFile; fileRef = 85B1CC0F27B70B1B0031698A /* options.js */; };
		85B1CC2E27B70B1B0031698A /* datablock.js in Resources */ = {isa = PBXBuildFile; fileRef = 85B1CC1027B70B1B0031698A /* datablock.js */; };
		85B1CC2F27B70B1B0031698A /* panel.js in Resources */ = {isa = PBXBuildFile; fileRef = 85B1CC1127B70B1B0031698A /* panel.js */; };
		85B1CC3027B70B1B0031698A /* COPYING in Resources */ = {isa = PBXBuildFile; fileRef = 85B1CC1227B70B1B0031698A /* COPYING */; };
		85B1CC3127B70B1B0031698A /* converters.js in Resources */ = {isa = PBXBuildFile; fileRef = 85B1CC1327B70B1B0031698A /* converters.js */; };
		85B1CC3227B70B1B0031698A /* page_panel.js in Resources */ = {isa = PBXBuildFile; fileRef = 85B1CC1427B70B1B0031698A /* page_panel.js */; };
		85B1CC3327B70B1B0031698A /* panel.html in Resources */ = {isa = PBXBuildFile; fileRef = 85B1CC1527B70B1B0031698A /* panel.html */; };
		85B1CC3427B70B1B0031698A /* manifest.json in Resources */ = {isa = PBXBuildFile; fileRef = 85B1CC1627B70B1B0031698A /* manifest.json */; };
		85B1CC3527B70B1B0031698A /* lib in Resources */ = {isa = PBXBuildFile; fileRef = 85B1CC1727B70B1B0031698A /* lib */; };
		85B1CC3627B70B1B0031698A /* ttl_gen.js in Resources */ = {isa = PBXBuildFile; fileRef = 85B1CC1827B70B1B0031698A /* ttl_gen.js */; };
		85B1CC3727B70B1B0031698A /* helpers.js in Resources */ = {isa = PBXBuildFile; fileRef = 85B1CC1927B70B1B0031698A /* helpers.js */; };
		85B1CC3827B70B1B0031698A /* sniffer.js in Resources */ = {isa = PBXBuildFile; fileRef = 85B1CC1A27B70B1B0031698A /* sniffer.js */; };
		85B1CC3927B70B1B0031698A /* options.html in Resources */ = {isa = PBXBuildFile; fileRef = 85B1CC1B27B70B1B0031698A /* options.html */; };
		85B1CC3A27B70B1B0031698A /* page_panel.html in Resources */ = {isa = PBXBuildFile; fileRef = 85B1CC1C27B70B1B0031698A /* page_panel.html */; };
		85B1CC3B27B70B1B0031698A /* utils.js in Resources */ = {isa = PBXBuildFile; fileRef = 85B1CC1D27B70B1B0031698A /* utils.js */; };
		85B1CC3C27B70B1B0031698A /* background.html in Resources */ = {isa = PBXBuildFile; fileRef = 85B1CC1E27B70B1B0031698A /* background.html */; };
		85B1CC3D27B70B1B0031698A /* browser.js in Resources */ = {isa = PBXBuildFile; fileRef = 85B1CC1F27B70B1B0031698A /* browser.js */; };
		85B1CC3E27B70B1B0031698A /* CREDITS in Resources */ = {isa = PBXBuildFile; fileRef = 85B1CC2027B70B1B0031698A /* CREDITS */; };
		85B1CC3F27B70B1B0031698A /* settings.js in Resources */ = {isa = PBXBuildFile; fileRef = 85B1CC2127B70B1B0031698A /* settings.js */; };
		85B1CC4127B70B1B0031698A /* dataview.css in Resources */ = {isa = PBXBuildFile; fileRef = 85B1CC0527B70B1B0031698A /* dataview.css */; };
		85B1CC4227B70B1B0031698A /* html_gen.js in Resources */ = {isa = PBXBuildFile; fileRef = 85B1CC0627B70B1B0031698A /* html_gen.js */; };
		85B1CC4327B70B1B0031698A /* content.css in Resources */ = {isa = PBXBuildFile; fileRef = 85B1CC0727B70B1B0031698A /* content.css */; };
		85B1CC4427B70B1B0031698A /* background.js in Resources */ = {isa = PBXBuildFile; fileRef = 85B1CC0827B70B1B0031698A /* background.js */; };
		85B1CC4527B70B1B0031698A /* AUTHORS in Resources */ = {isa = PBXBuildFile; fileRef = 85B1CC0927B70B1B0031698A /* AUTHORS */; };
		85B1CC4627B70B1B0031698A /* handlers.js in Resources */ = {isa = PBXBuildFile; fileRef = 85B1CC0A27B70B1B0031698A /* handlers.js */; };
		85B1CC4727B70B1B0031698A /* images in Resources */ = {isa = PBXBuildFile; fileRef = 85B1CC0B27B70B1B0031698A /* images */; };
		85B1CC4827B70B1B0031698A /* oidc-webid-inject.js in Resources */ = {isa = PBXBuildFile; fileRef = 85B1CC0C27B70B1B0031698A /* oidc-webid-inject.js */; };
		85B1CC4927B70B1B0031698A /* helpers_ui.js in Resources */ = {isa = PBXBuildFile; fileRef = 85B1CC0D27B70B1B0031698A /* helpers_ui.js */; };
		85B1CC4A27B70B1B0031698A /* OidcWebid.js in Resources */ = {isa = PBXBuildFile; fileRef = 85B1CC0E27B70B1B0031698A /* OidcWebid.js */; };
		85B1CC4B27B70B1B0031698A /* options.js in Resources */ = {isa = PBXBuildFile; fileRef = 85B1CC0F27B70B1B0031698A /* options.js */; };
		85B1CC4C27B70B1B0031698A /* datablock.js in Resources */ = {isa = PBXBuildFile; fileRef = 85B1CC1027B70B1B0031698A /* datablock.js */; };
		85B1CC4D27B70B1B0031698A /* panel.js in Resources */ = {isa = PBXBuildFile; fileRef = 85B1CC1127B70B1B0031698A /* panel.js */; };
		85B1CC4E27B70B1B0031698A /* COPYING in Resources */ = {isa = PBXBuildFile; fileRef = 85B1CC1227B70B1B0031698A /* COPYING */; };
		85B1CC4F27B70B1B0031698A /* converters.js in Resources */ = {isa = PBXBuildFile; fileRef = 85B1CC1327B70B1B0031698A /* converters.js */; };
		85B1CC5027B70B1B0031698A /* page_panel.js in Resources */ = {isa = PBXBuildFile; fileRef = 85B1CC1427B70B1B0031698A /* page_panel.js */; };
		85B1CC5127B70B1B0031698A /* panel.html in Resources */ = {isa = PBXBuildFile; fileRef = 85B1CC1527B70B1B0031698A /* panel.html */; };
		85B1CC5227B70B1B0031698A /* manifest.json in Resources */ = {isa = PBXBuildFile; fileRef = 85B1CC1627B70B1B0031698A /* manifest.json */; };
		85B1CC5327B70B1B0031698A /* lib in Resources */ = {isa = PBXBuildFile; fileRef = 85B1CC1727B70B1B0031698A /* lib */; };
		85B1CC5427B70B1B0031698A /* ttl_gen.js in Resources */ = {isa = PBXBuildFile; fileRef = 85B1CC1827B70B1B0031698A /* ttl_gen.js */; };
		85B1CC5527B70B1B0031698A /* helpers.js in Resources */ = {isa = PBXBuildFile; fileRef = 85B1CC1927B70B1B0031698A /* helpers.js */; };
		85B1CC5627B70B1B0031698A /* sniffer.js in Resources */ = {isa = PBXBuildFile; fileRef = 85B1CC1A27B70B1B0031698A /* sniffer.js */; };
		85B1CC5727B70B1B0031698A /* options.html in Resources */ = {isa = PBXBuildFile; fileRef = 85B1CC1B27B70B1B0031698A /* options.html */; };
		85B1CC5827B70B1B0031698A /* page_panel.html in Resources */ = {isa = PBXBuildFile; fileRef = 85B1CC1C27B70B1B0031698A /* page_panel.html */; };
		85B1CC5927B70B1B0031698A /* utils.js in Resources */ = {isa = PBXBuildFile; fileRef = 85B1CC1D27B70B1B0031698A /* utils.js */; };
		85B1CC5A27B70B1B0031698A /* background.html in Resources */ = {isa = PBXBuildFile; fileRef = 85B1CC1E27B70B1B0031698A /* background.html */; };
		85B1CC5B27B70B1B0031698A /* browser.js in Resources */ = {isa = PBXBuildFile; fileRef = 85B1CC1F27B70B1B0031698A /* browser.js */; };
		85B1CC5C27B70B1B0031698A /* CREDITS in Resources */ = {isa = PBXBuildFile; fileRef = 85B1CC2027B70B1B0031698A /* CREDITS */; };
		85B1CC5D27B70B1B0031698A /* settings.js in Resources */ = {isa = PBXBuildFile; fileRef = 85B1CC2127B70B1B0031698A /* settings.js */; };
		85B27E3B2BC0975C0085F466 /* chat-srv.js in Resources */ = {isa = PBXBuildFile; fileRef = 85B27E3A2BC0975C0085F466 /* chat-srv.js */; };
		85B27E3C2BC0975C0085F466 /* chat-srv.js in Resources */ = {isa = PBXBuildFile; fileRef = 85B27E3A2BC0975C0085F466 /* chat-srv.js */; };
		85B27E3F2BC0976B0085F466 /* frame_scan.js in Resources */ = {isa = PBXBuildFile; fileRef = 85B27E3D2BC0976B0085F466 /* frame_scan.js */; };
		85B27E402BC0976B0085F466 /* frame_scan.js in Resources */ = {isa = PBXBuildFile; fileRef = 85B27E3D2BC0976B0085F466 /* frame_scan.js */; };
		85B27E412BC0976B0085F466 /* frame_text.js in Resources */ = {isa = PBXBuildFile; fileRef = 85B27E3E2BC0976B0085F466 /* frame_text.js */; };
		85B27E422BC0976B0085F466 /* frame_text.js in Resources */ = {isa = PBXBuildFile; fileRef = 85B27E3E2BC0976B0085F466 /* frame_text.js */; };
		85B27E442BC097780085F466 /* sniffer_nano.js in Resources */ = {isa = PBXBuildFile; fileRef = 85B27E432BC097780085F466 /* sniffer_nano.js */; };
		85B27E452BC097780085F466 /* sniffer_nano.js in Resources */ = {isa = PBXBuildFile; fileRef = 85B27E432BC097780085F466 /* sniffer_nano.js */; };
		85B27E482BC097840085F466 /* social_sniffer.js in Resources */ = {isa = PBXBuildFile; fileRef = 85B27E462BC097840085F466 /* social_sniffer.js */; };
		85B27E492BC097840085F466 /* social_sniffer.js in Resources */ = {isa = PBXBuildFile; fileRef = 85B27E462BC097840085F466 /* social_sniffer.js */; };
		85B27E4A2BC097840085F466 /* super_links.js in Resources */ = {isa = PBXBuildFile; fileRef = 85B27E472BC097840085F466 /* super_links.js */; };
		85B27E4B2BC097840085F466 /* super_links.js in Resources */ = {isa = PBXBuildFile; fileRef = 85B27E472BC097840085F466 /* super_links.js */; };
/* End PBXBuildFile section */

/* Begin PBXContainerItemProxy section */
		85B1CBD727B70B1A0031698A /* PBXContainerItemProxy */ = {
			isa = PBXContainerItemProxy;
			containerPortal = 85B1CBA327B70B180031698A /* Project object */;
			proxyType = 1;
			remoteGlobalIDString = 85B1CBD427B70B1A0031698A;
			remoteInfo = "OSDS Extension (iOS)";
		};
		85B1CBE127B70B1A0031698A /* PBXContainerItemProxy */ = {
			isa = PBXContainerItemProxy;
			containerPortal = 85B1CBA327B70B180031698A /* Project object */;
			proxyType = 1;
			remoteGlobalIDString = 85B1CBDE27B70B1A0031698A;
			remoteInfo = "OSDS Extension (macOS)";
		};
/* End PBXContainerItemProxy section */

/* Begin PBXCopyFilesBuildPhase section */
		85B1CBF927B70B1A0031698A /* Embed App Extensions */ = {
			isa = PBXCopyFilesBuildPhase;
			buildActionMask = 2147483647;
			dstPath = "";
			dstSubfolderSpec = 13;
			files = (
				85B1CBD627B70B1A0031698A /* OSDS Extension.appex in Embed App Extensions */,
			);
			name = "Embed App Extensions";
			runOnlyForDeploymentPostprocessing = 0;
		};
		85B1CC0027B70B1A0031698A /* Embed App Extensions */ = {
			isa = PBXCopyFilesBuildPhase;
			buildActionMask = 2147483647;
			dstPath = "";
			dstSubfolderSpec = 13;
			files = (
				85B1CBE027B70B1A0031698A /* OSDS Extension.appex in Embed App Extensions */,
			);
			name = "Embed App Extensions";
			runOnlyForDeploymentPostprocessing = 0;
		};
/* End PBXCopyFilesBuildPhase section */

/* Begin PBXFileReference section */
		850E49282A5621BB00B26DA8 /* chat-inject.js */ = {isa = PBXFileReference; fileEncoding = 4; lastKnownFileType = sourcecode.javascript; name = "chat-inject.js"; path = "Resources/chat-inject.js"; sourceTree = "<group>"; };
		855CC5D82913179800F4F450 /* tabs.css */ = {isa = PBXFileReference; fileEncoding = 4; lastKnownFileType = text.css; name = tabs.css; path = Resources/tabs.css; sourceTree = "<group>"; };
		859E4F8A27E6A01900A84BB4 /* OSDS (macOS)Release.entitlements */ = {isa = PBXFileReference; lastKnownFileType = text.plist.entitlements; path = "OSDS (macOS)Release.entitlements"; sourceTree = "<group>"; };
		85B1CBAA27B70B180031698A /* Base */ = {isa = PBXFileReference; lastKnownFileType = text.html; name = Base; path = ../Base.lproj/Main.html; sourceTree = "<group>"; };
		85B1CBAB27B70B180031698A /* Icon.png */ = {isa = PBXFileReference; lastKnownFileType = image.png; path = Icon.png; sourceTree = "<group>"; };
		85B1CBAC27B70B180031698A /* Style.css */ = {isa = PBXFileReference; lastKnownFileType = text.css; path = Style.css; sourceTree = "<group>"; };
		85B1CBAD27B70B180031698A /* Script.js */ = {isa = PBXFileReference; lastKnownFileType = sourcecode.javascript; path = Script.js; sourceTree = "<group>"; };
		85B1CBAE27B70B180031698A /* ViewController.swift */ = {isa = PBXFileReference; lastKnownFileType = sourcecode.swift; path = ViewController.swift; sourceTree = "<group>"; };
		85B1CBAF27B70B1A0031698A /* Assets.xcassets */ = {isa = PBXFileReference; lastKnownFileType = folder.assetcatalog; path = Assets.xcassets; sourceTree = "<group>"; };
		85B1CBB127B70B1A0031698A /* SafariWebExtensionHandler.swift */ = {isa = PBXFileReference; lastKnownFileType = sourcecode.swift; path = SafariWebExtensionHandler.swift; sourceTree = "<group>"; };
		85B1CBB627B70B1A0031698A /* OSDS.app */ = {isa = PBXFileReference; explicitFileType = wrapper.application; includeInIndex = 0; path = OSDS.app; sourceTree = BUILT_PRODUCTS_DIR; };
		85B1CBB927B70B1A0031698A /* AppDelegate.swift */ = {isa = PBXFileReference; lastKnownFileType = sourcecode.swift; path = AppDelegate.swift; sourceTree = "<group>"; };
		85B1CBBB27B70B1A0031698A /* SceneDelegate.swift */ = {isa = PBXFileReference; lastKnownFileType = sourcecode.swift; path = SceneDelegate.swift; sourceTree = "<group>"; };
		85B1CBBE27B70B1A0031698A /* Base */ = {isa = PBXFileReference; lastKnownFileType = file.storyboard; name = Base; path = Base.lproj/LaunchScreen.storyboard; sourceTree = "<group>"; };
		85B1CBC127B70B1A0031698A /* Base */ = {isa = PBXFileReference; lastKnownFileType = file.storyboard; name = Base; path = Base.lproj/Main.storyboard; sourceTree = "<group>"; };
		85B1CBC327B70B1A0031698A /* Info.plist */ = {isa = PBXFileReference; lastKnownFileType = text.plist.xml; path = Info.plist; sourceTree = "<group>"; };
		85B1CBC827B70B1A0031698A /* OSDS.app */ = {isa = PBXFileReference; explicitFileType = wrapper.application; includeInIndex = 0; path = OSDS.app; sourceTree = BUILT_PRODUCTS_DIR; };
		85B1CBCA27B70B1A0031698A /* AppDelegate.swift */ = {isa = PBXFileReference; lastKnownFileType = sourcecode.swift; path = AppDelegate.swift; sourceTree = "<group>"; };
		85B1CBCD27B70B1A0031698A /* Base */ = {isa = PBXFileReference; lastKnownFileType = file.storyboard; name = Base; path = Base.lproj/Main.storyboard; sourceTree = "<group>"; };
		85B1CBCF27B70B1A0031698A /* Info.plist */ = {isa = PBXFileReference; lastKnownFileType = text.plist.xml; path = Info.plist; sourceTree = "<group>"; };
		85B1CBD027B70B1A0031698A /* OSDS.entitlements */ = {isa = PBXFileReference; lastKnownFileType = text.plist.entitlements; path = OSDS.entitlements; sourceTree = "<group>"; };
		85B1CBD527B70B1A0031698A /* OSDS Extension.appex */ = {isa = PBXFileReference; explicitFileType = "wrapper.app-extension"; includeInIndex = 0; path = "OSDS Extension.appex"; sourceTree = BUILT_PRODUCTS_DIR; };
		85B1CBDA27B70B1A0031698A /* Info.plist */ = {isa = PBXFileReference; lastKnownFileType = text.plist.xml; path = Info.plist; sourceTree = "<group>"; };
		85B1CBDF27B70B1A0031698A /* OSDS Extension.appex */ = {isa = PBXFileReference; explicitFileType = "wrapper.app-extension"; includeInIndex = 0; path = "OSDS Extension.appex"; sourceTree = BUILT_PRODUCTS_DIR; };
		85B1CBE427B70B1A0031698A /* Info.plist */ = {isa = PBXFileReference; lastKnownFileType = text.plist.xml; path = Info.plist; sourceTree = "<group>"; };
		85B1CBE527B70B1A0031698A /* OSDS.entitlements */ = {isa = PBXFileReference; lastKnownFileType = text.plist.entitlements; path = OSDS.entitlements; sourceTree = "<group>"; };
		85B1CC0527B70B1B0031698A /* dataview.css */ = {isa = PBXFileReference; lastKnownFileType = text.css; name = dataview.css; path = Resources/dataview.css; sourceTree = "<group>"; };
		85B1CC0627B70B1B0031698A /* html_gen.js */ = {isa = PBXFileReference; lastKnownFileType = sourcecode.javascript; name = html_gen.js; path = Resources/html_gen.js; sourceTree = "<group>"; };
		85B1CC0727B70B1B0031698A /* content.css */ = {isa = PBXFileReference; lastKnownFileType = text.css; name = content.css; path = Resources/content.css; sourceTree = "<group>"; };
		85B1CC0827B70B1B0031698A /* background.js */ = {isa = PBXFileReference; lastKnownFileType = sourcecode.javascript; name = background.js; path = Resources/background.js; sourceTree = "<group>"; };
		85B1CC0927B70B1B0031698A /* AUTHORS */ = {isa = PBXFileReference; lastKnownFileType = text; name = AUTHORS; path = Resources/AUTHORS; sourceTree = "<group>"; };
		85B1CC0A27B70B1B0031698A /* handlers.js */ = {isa = PBXFileReference; lastKnownFileType = sourcecode.javascript; name = handlers.js; path = Resources/handlers.js; sourceTree = "<group>"; };
		85B1CC0B27B70B1B0031698A /* images */ = {isa = PBXFileReference; lastKnownFileType = folder; name = images; path = Resources/images; sourceTree = "<group>"; };
		85B1CC0C27B70B1B0031698A /* oidc-webid-inject.js */ = {isa = PBXFileReference; lastKnownFileType = sourcecode.javascript; name = "oidc-webid-inject.js"; path = "Resources/oidc-webid-inject.js"; sourceTree = "<group>"; };
		85B1CC0D27B70B1B0031698A /* helpers_ui.js */ = {isa = PBXFileReference; lastKnownFileType = sourcecode.javascript; name = helpers_ui.js; path = Resources/helpers_ui.js; sourceTree = "<group>"; };
		85B1CC0E27B70B1B0031698A /* OidcWebid.js */ = {isa = PBXFileReference; lastKnownFileType = sourcecode.javascript; name = OidcWebid.js; path = Resources/OidcWebid.js; sourceTree = "<group>"; };
		85B1CC0F27B70B1B0031698A /* options.js */ = {isa = PBXFileReference; lastKnownFileType = sourcecode.javascript; name = options.js; path = Resources/options.js; sourceTree = "<group>"; };
		85B1CC1027B70B1B0031698A /* datablock.js */ = {isa = PBXFileReference; lastKnownFileType = sourcecode.javascript; name = datablock.js; path = Resources/datablock.js; sourceTree = "<group>"; };
		85B1CC1127B70B1B0031698A /* panel.js */ = {isa = PBXFileReference; lastKnownFileType = sourcecode.javascript; name = panel.js; path = Resources/panel.js; sourceTree = "<group>"; };
		85B1CC1227B70B1B0031698A /* COPYING */ = {isa = PBXFileReference; lastKnownFileType = text; name = COPYING; path = Resources/COPYING; sourceTree = "<group>"; };
		85B1CC1327B70B1B0031698A /* converters.js */ = {isa = PBXFileReference; lastKnownFileType = sourcecode.javascript; name = converters.js; path = Resources/converters.js; sourceTree = "<group>"; };
		85B1CC1427B70B1B0031698A /* page_panel.js */ = {isa = PBXFileReference; lastKnownFileType = sourcecode.javascript; name = page_panel.js; path = Resources/page_panel.js; sourceTree = "<group>"; };
		85B1CC1527B70B1B0031698A /* panel.html */ = {isa = PBXFileReference; lastKnownFileType = text.html; name = panel.html; path = Resources/panel.html; sourceTree = "<group>"; };
		85B1CC1627B70B1B0031698A /* manifest.json */ = {isa = PBXFileReference; lastKnownFileType = text.json; name = manifest.json; path = Resources/manifest.json; sourceTree = "<group>"; };
		85B1CC1727B70B1B0031698A /* lib */ = {isa = PBXFileReference; lastKnownFileType = folder; name = lib; path = Resources/lib; sourceTree = "<group>"; };
		85B1CC1827B70B1B0031698A /* ttl_gen.js */ = {isa = PBXFileReference; lastKnownFileType = sourcecode.javascript; name = ttl_gen.js; path = Resources/ttl_gen.js; sourceTree = "<group>"; };
		85B1CC1927B70B1B0031698A /* helpers.js */ = {isa = PBXFileReference; lastKnownFileType = sourcecode.javascript; name = helpers.js; path = Resources/helpers.js; sourceTree = "<group>"; };
		85B1CC1A27B70B1B0031698A /* sniffer.js */ = {isa = PBXFileReference; lastKnownFileType = sourcecode.javascript; name = sniffer.js; path = Resources/sniffer.js; sourceTree = "<group>"; };
		85B1CC1B27B70B1B0031698A /* options.html */ = {isa = PBXFileReference; lastKnownFileType = text.html; name = options.html; path = Resources/options.html; sourceTree = "<group>"; };
		85B1CC1C27B70B1B0031698A /* page_panel.html */ = {isa = PBXFileReference; lastKnownFileType = text.html; name = page_panel.html; path = Resources/page_panel.html; sourceTree = "<group>"; };
		85B1CC1D27B70B1B0031698A /* utils.js */ = {isa = PBXFileReference; lastKnownFileType = sourcecode.javascript; name = utils.js; path = Resources/utils.js; sourceTree = "<group>"; };
		85B1CC1E27B70B1B0031698A /* background.html */ = {isa = PBXFileReference; lastKnownFileType = text.html; name = background.html; path = Resources/background.html; sourceTree = "<group>"; };
		85B1CC1F27B70B1B0031698A /* browser.js */ = {isa = PBXFileReference; lastKnownFileType = sourcecode.javascript; name = browser.js; path = Resources/browser.js; sourceTree = "<group>"; };
		85B1CC2027B70B1B0031698A /* CREDITS */ = {isa = PBXFileReference; lastKnownFileType = text; name = CREDITS; path = Resources/CREDITS; sourceTree = "<group>"; };
		85B1CC2127B70B1B0031698A /* settings.js */ = {isa = PBXFileReference; lastKnownFileType = sourcecode.javascript; name = settings.js; path = Resources/settings.js; sourceTree = "<group>"; };
		85B27E3A2BC0975C0085F466 /* chat-srv.js */ = {isa = PBXFileReference; fileEncoding = 4; lastKnownFileType = sourcecode.javascript; name = "chat-srv.js"; path = "Resources/chat-srv.js"; sourceTree = "<group>"; };
		85B27E3D2BC0976B0085F466 /* frame_scan.js */ = {isa = PBXFileReference; fileEncoding = 4; lastKnownFileType = sourcecode.javascript; name = frame_scan.js; path = Resources/frame_scan.js; sourceTree = "<group>"; };
		85B27E3E2BC0976B0085F466 /* frame_text.js */ = {isa = PBXFileReference; fileEncoding = 4; lastKnownFileType = sourcecode.javascript; name = frame_text.js; path = Resources/frame_text.js; sourceTree = "<group>"; };
		85B27E432BC097780085F466 /* sniffer_nano.js */ = {isa = PBXFileReference; fileEncoding = 4; lastKnownFileType = sourcecode.javascript; name = sniffer_nano.js; path = Resources/sniffer_nano.js; sourceTree = "<group>"; };
		85B27E462BC097840085F466 /* social_sniffer.js */ = {isa = PBXFileReference; fileEncoding = 4; lastKnownFileType = sourcecode.javascript; name = social_sniffer.js; path = Resources/social_sniffer.js; sourceTree = "<group>"; };
		85B27E472BC097840085F466 /* super_links.js */ = {isa = PBXFileReference; fileEncoding = 4; lastKnownFileType = sourcecode.javascript; name = super_links.js; path = Resources/super_links.js; sourceTree = "<group>"; };
/* End PBXFileReference section */

/* Begin PBXFrameworksBuildPhase section */
		85B1CBB327B70B1A0031698A /* Frameworks */ = {
			isa = PBXFrameworksBuildPhase;
			buildActionMask = 2147483647;
			files = (
			);
			runOnlyForDeploymentPostprocessing = 0;
		};
		85B1CBC527B70B1A0031698A /* Frameworks */ = {
			isa = PBXFrameworksBuildPhase;
			buildActionMask = 2147483647;
			files = (
			);
			runOnlyForDeploymentPostprocessing = 0;
		};
		85B1CBD227B70B1A0031698A /* Frameworks */ = {
			isa = PBXFrameworksBuildPhase;
			buildActionMask = 2147483647;
			files = (
			);
			runOnlyForDeploymentPostprocessing = 0;
		};
		85B1CBDC27B70B1A0031698A /* Frameworks */ = {
			isa = PBXFrameworksBuildPhase;
			buildActionMask = 2147483647;
			files = (
			);
			runOnlyForDeploymentPostprocessing = 0;
		};
/* End PBXFrameworksBuildPhase section */

/* Begin PBXGroup section */
		85B1CBA227B70B180031698A = {
			isa = PBXGroup;
			children = (
				859E4F8A27E6A01900A84BB4 /* OSDS (macOS)Release.entitlements */,
				85B1CBA727B70B180031698A /* Shared (App) */,
				85B1CBB027B70B1A0031698A /* Shared (Extension) */,
				85B1CBB827B70B1A0031698A /* iOS (App) */,
				85B1CBC927B70B1A0031698A /* macOS (App) */,
				85B1CBD927B70B1A0031698A /* iOS (Extension) */,
				85B1CBE327B70B1A0031698A /* macOS (Extension) */,
				85B1CBB727B70B1A0031698A /* Products */,
			);
			sourceTree = "<group>";
		};
		85B1CBA727B70B180031698A /* Shared (App) */ = {
			isa = PBXGroup;
			children = (
				85B1CBAE27B70B180031698A /* ViewController.swift */,
				85B1CBAF27B70B1A0031698A /* Assets.xcassets */,
				85B1CBA827B70B180031698A /* Resources */,
			);
			path = "Shared (App)";
			sourceTree = "<group>";
		};
		85B1CBA827B70B180031698A /* Resources */ = {
			isa = PBXGroup;
			children = (
				85B1CBA927B70B180031698A /* Main.html */,
				85B1CBAB27B70B180031698A /* Icon.png */,
				85B1CBAC27B70B180031698A /* Style.css */,
				85B1CBAD27B70B180031698A /* Script.js */,
			);
			path = Resources;
			sourceTree = "<group>";
		};
		85B1CBB027B70B1A0031698A /* Shared (Extension) */ = {
			isa = PBXGroup;
			children = (
				85B1CC0427B70B1B0031698A /* Resources */,
				85B1CBB127B70B1A0031698A /* SafariWebExtensionHandler.swift */,
			);
			path = "Shared (Extension)";
			sourceTree = "<group>";
		};
		85B1CBB727B70B1A0031698A /* Products */ = {
			isa = PBXGroup;
			children = (
				85B1CBB627B70B1A0031698A /* OSDS.app */,
				85B1CBC827B70B1A0031698A /* OSDS.app */,
				85B1CBD527B70B1A0031698A /* OSDS Extension.appex */,
				85B1CBDF27B70B1A0031698A /* OSDS Extension.appex */,
			);
			name = Products;
			sourceTree = "<group>";
		};
		85B1CBB827B70B1A0031698A /* iOS (App) */ = {
			isa = PBXGroup;
			children = (
				85B1CBB927B70B1A0031698A /* AppDelegate.swift */,
				85B1CBBB27B70B1A0031698A /* SceneDelegate.swift */,
				85B1CBBD27B70B1A0031698A /* LaunchScreen.storyboard */,
				85B1CBC027B70B1A0031698A /* Main.storyboard */,
				85B1CBC327B70B1A0031698A /* Info.plist */,
			);
			path = "iOS (App)";
			sourceTree = "<group>";
		};
		85B1CBC927B70B1A0031698A /* macOS (App) */ = {
			isa = PBXGroup;
			children = (
				85B1CBCA27B70B1A0031698A /* AppDelegate.swift */,
				85B1CBCC27B70B1A0031698A /* Main.storyboard */,
				85B1CBCF27B70B1A0031698A /* Info.plist */,
				85B1CBD027B70B1A0031698A /* OSDS.entitlements */,
			);
			path = "macOS (App)";
			sourceTree = "<group>";
		};
		85B1CBD927B70B1A0031698A /* iOS (Extension) */ = {
			isa = PBXGroup;
			children = (
				85B1CBDA27B70B1A0031698A /* Info.plist */,
			);
			path = "iOS (Extension)";
			sourceTree = "<group>";
		};
		85B1CBE327B70B1A0031698A /* macOS (Extension) */ = {
			isa = PBXGroup;
			children = (
				85B1CBE427B70B1A0031698A /* Info.plist */,
				85B1CBE527B70B1A0031698A /* OSDS.entitlements */,
			);
			path = "macOS (Extension)";
			sourceTree = "<group>";
		};
		85B1CC0427B70B1B0031698A /* Resources */ = {
			isa = PBXGroup;
			children = (
				85B27E462BC097840085F466 /* social_sniffer.js */,
				85B27E472BC097840085F466 /* super_links.js */,
				85B27E432BC097780085F466 /* sniffer_nano.js */,
				85B27E3D2BC0976B0085F466 /* frame_scan.js */,
				85B27E3E2BC0976B0085F466 /* frame_text.js */,
				85B27E3A2BC0975C0085F466 /* chat-srv.js */,
				850E49282A5621BB00B26DA8 /* chat-inject.js */,
				855CC5D82913179800F4F450 /* tabs.css */,
				85B1CC0527B70B1B0031698A /* dataview.css */,
				85B1CC0627B70B1B0031698A /* html_gen.js */,
				85B1CC0727B70B1B0031698A /* content.css */,
				85B1CC0827B70B1B0031698A /* background.js */,
				85B1CC0927B70B1B0031698A /* AUTHORS */,
				85B1CC0A27B70B1B0031698A /* handlers.js */,
				85B1CC0B27B70B1B0031698A /* images */,
				85B1CC0C27B70B1B0031698A /* oidc-webid-inject.js */,
				85B1CC0D27B70B1B0031698A /* helpers_ui.js */,
				85B1CC0E27B70B1B0031698A /* OidcWebid.js */,
				85B1CC0F27B70B1B0031698A /* options.js */,
				85B1CC1027B70B1B0031698A /* datablock.js */,
				85B1CC1127B70B1B0031698A /* panel.js */,
				85B1CC1227B70B1B0031698A /* COPYING */,
				85B1CC1327B70B1B0031698A /* converters.js */,
				85B1CC1427B70B1B0031698A /* page_panel.js */,
				85B1CC1527B70B1B0031698A /* panel.html */,
				85B1CC1627B70B1B0031698A /* manifest.json */,
				85B1CC1727B70B1B0031698A /* lib */,
				85B1CC1827B70B1B0031698A /* ttl_gen.js */,
				85B1CC1927B70B1B0031698A /* helpers.js */,
				85B1CC1A27B70B1B0031698A /* sniffer.js */,
				85B1CC1B27B70B1B0031698A /* options.html */,
				85B1CC1C27B70B1B0031698A /* page_panel.html */,
				85B1CC1D27B70B1B0031698A /* utils.js */,
				85B1CC1E27B70B1B0031698A /* background.html */,
				85B1CC1F27B70B1B0031698A /* browser.js */,
				85B1CC2027B70B1B0031698A /* CREDITS */,
				85B1CC2127B70B1B0031698A /* settings.js */,
			);
			name = Resources;
			path = "Shared (Extension)";
			sourceTree = SOURCE_ROOT;
		};
/* End PBXGroup section */

/* Begin PBXNativeTarget section */
		85B1CBB527B70B1A0031698A /* OSDS (iOS) */ = {
			isa = PBXNativeTarget;
			buildConfigurationList = 85B1CBFA27B70B1A0031698A /* Build configuration list for PBXNativeTarget "OSDS (iOS)" */;
			buildPhases = (
				85B1CBB227B70B1A0031698A /* Sources */,
				85B1CBB327B70B1A0031698A /* Frameworks */,
				85B1CBB427B70B1A0031698A /* Resources */,
				85B1CBF927B70B1A0031698A /* Embed App Extensions */,
			);
			buildRules = (
			);
			dependencies = (
				85B1CBD827B70B1A0031698A /* PBXTargetDependency */,
			);
			name = "OSDS (iOS)";
			productName = "OSDS (iOS)";
			productReference = 85B1CBB627B70B1A0031698A /* OSDS.app */;
			productType = "com.apple.product-type.application";
		};
		85B1CBC727B70B1A0031698A /* OSDS (macOS) */ = {
			isa = PBXNativeTarget;
			buildConfigurationList = 85B1CC0127B70B1A0031698A /* Build configuration list for PBXNativeTarget "OSDS (macOS)" */;
			buildPhases = (
				85B1CBC427B70B1A0031698A /* Sources */,
				85B1CBC527B70B1A0031698A /* Frameworks */,
				85B1CBC627B70B1A0031698A /* Resources */,
				85B1CC0027B70B1A0031698A /* Embed App Extensions */,
			);
			buildRules = (
			);
			dependencies = (
				85B1CBE227B70B1A0031698A /* PBXTargetDependency */,
			);
			name = "OSDS (macOS)";
			productName = "OSDS (macOS)";
			productReference = 85B1CBC827B70B1A0031698A /* OSDS.app */;
			productType = "com.apple.product-type.application";
		};
		85B1CBD427B70B1A0031698A /* OSDS Extension (iOS) */ = {
			isa = PBXNativeTarget;
			buildConfigurationList = 85B1CBF627B70B1A0031698A /* Build configuration list for PBXNativeTarget "OSDS Extension (iOS)" */;
			buildPhases = (
				85B1CBD127B70B1A0031698A /* Sources */,
				85B1CBD227B70B1A0031698A /* Frameworks */,
				85B1CBD327B70B1A0031698A /* Resources */,
			);
			buildRules = (
			);
			dependencies = (
			);
			name = "OSDS Extension (iOS)";
			productName = "OSDS Extension (iOS)";
			productReference = 85B1CBD527B70B1A0031698A /* OSDS Extension.appex */;
			productType = "com.apple.product-type.app-extension";
		};
		85B1CBDE27B70B1A0031698A /* OSDS Extension (macOS) */ = {
			isa = PBXNativeTarget;
			buildConfigurationList = 85B1CBFD27B70B1A0031698A /* Build configuration list for PBXNativeTarget "OSDS Extension (macOS)" */;
			buildPhases = (
				85B1CBDB27B70B1A0031698A /* Sources */,
				85B1CBDC27B70B1A0031698A /* Frameworks */,
				85B1CBDD27B70B1A0031698A /* Resources */,
			);
			buildRules = (
			);
			dependencies = (
			);
			name = "OSDS Extension (macOS)";
			productName = "OSDS Extension (macOS)";
			productReference = 85B1CBDF27B70B1A0031698A /* OSDS Extension.appex */;
			productType = "com.apple.product-type.app-extension";
		};
/* End PBXNativeTarget section */

/* Begin PBXProject section */
		85B1CBA327B70B180031698A /* Project object */ = {
			isa = PBXProject;
			attributes = {
				BuildIndependentTargetsInParallel = 1;
				LastSwiftUpdateCheck = 1300;
				LastUpgradeCheck = 1300;
				TargetAttributes = {
					85B1CBB527B70B1A0031698A = {
						CreatedOnToolsVersion = 13.0;
					};
					85B1CBC727B70B1A0031698A = {
						CreatedOnToolsVersion = 13.0;
					};
					85B1CBD427B70B1A0031698A = {
						CreatedOnToolsVersion = 13.0;
					};
					85B1CBDE27B70B1A0031698A = {
						CreatedOnToolsVersion = 13.0;
					};
				};
			};
			buildConfigurationList = 85B1CBA627B70B180031698A /* Build configuration list for PBXProject "OSDS" */;
			compatibilityVersion = "Xcode 13.0";
			developmentRegion = en;
			hasScannedForEncodings = 0;
			knownRegions = (
				en,
				Base,
			);
			mainGroup = 85B1CBA227B70B180031698A;
			productRefGroup = 85B1CBB727B70B1A0031698A /* Products */;
			projectDirPath = "";
			projectRoot = "";
			targets = (
				85B1CBB527B70B1A0031698A /* OSDS (iOS) */,
				85B1CBC727B70B1A0031698A /* OSDS (macOS) */,
				85B1CBD427B70B1A0031698A /* OSDS Extension (iOS) */,
				85B1CBDE27B70B1A0031698A /* OSDS Extension (macOS) */,
			);
		};
/* End PBXProject section */

/* Begin PBXResourcesBuildPhase section */
		85B1CBB427B70B1A0031698A /* Resources */ = {
			isa = PBXResourcesBuildPhase;
			buildActionMask = 2147483647;
			files = (
				85B1CBE827B70B1A0031698A /* Icon.png in Resources */,
				85B1CBBF27B70B1A0031698A /* LaunchScreen.storyboard in Resources */,
				85B1CBE627B70B1A0031698A /* Main.html in Resources */,
				85B1CBEC27B70B1A0031698A /* Script.js in Resources */,
				85B1CBF027B70B1A0031698A /* Assets.xcassets in Resources */,
				85B1CBC227B70B1A0031698A /* Main.storyboard in Resources */,
				85B1CBEA27B70B1A0031698A /* Style.css in Resources */,
			);
			runOnlyForDeploymentPostprocessing = 0;
		};
		85B1CBC627B70B1A0031698A /* Resources */ = {
			isa = PBXResourcesBuildPhase;
			buildActionMask = 2147483647;
			files = (
				85B1CBE927B70B1A0031698A /* Icon.png in Resources */,
				85B1CBEB27B70B1A0031698A /* Style.css in Resources */,
				85B1CBCE27B70B1A0031698A /* Main.storyboard in Resources */,
				85B1CBED27B70B1A0031698A /* Script.js in Resources */,
				85B1CBF127B70B1A0031698A /* Assets.xcassets in Resources */,
				85B1CBE727B70B1A0031698A /* Main.html in Resources */,
			);
			runOnlyForDeploymentPostprocessing = 0;
		};
		85B1CBD327B70B1A0031698A /* Resources */ = {
			isa = PBXResourcesBuildPhase;
			buildActionMask = 2147483647;
			files = (
				85B1CC4827B70B1B0031698A /* oidc-webid-inject.js in Resources */,
				85B27E442BC097780085F466 /* sniffer_nano.js in Resources */,
				85B1CC4427B70B1B0031698A /* background.js in Resources */,
				85B1CC4627B70B1B0031698A /* handlers.js in Resources */,
				850E49292A5621BB00B26DA8 /* chat-inject.js in Resources */,
				85B1CC4B27B70B1B0031698A /* options.js in Resources */,
				85B1CC5227B70B1B0031698A /* manifest.json in Resources */,
				85B1CC5027B70B1B0031698A /* page_panel.js in Resources */,
				85B27E412BC0976B0085F466 /* frame_text.js in Resources */,
				85B1CC4327B70B1B0031698A /* content.css in Resources */,
				85B1CC5B27B70B1B0031698A /* browser.js in Resources */,
				85B1CC4527B70B1B0031698A /* AUTHORS in Resources */,
				85B1CC5627B70B1B0031698A /* sniffer.js in Resources */,
				85B1CC5127B70B1B0031698A /* panel.html in Resources */,
				85B1CC4227B70B1B0031698A /* html_gen.js in Resources */,
				85B27E482BC097840085F466 /* social_sniffer.js in Resources */,
				85B1CC5727B70B1B0031698A /* options.html in Resources */,
				85B27E3F2BC0976B0085F466 /* frame_scan.js in Resources */,
				85B1CC5C27B70B1B0031698A /* CREDITS in Resources */,
				85B1CC5A27B70B1B0031698A /* background.html in Resources */,
				85B1CC4727B70B1B0031698A /* images in Resources */,
				85B1CC5D27B70B1B0031698A /* settings.js in Resources */,
				85B1CC4C27B70B1B0031698A /* datablock.js in Resources */,
				85B1CC5827B70B1B0031698A /* page_panel.html in Resources */,
				85B1CC5927B70B1B0031698A /* utils.js in Resources */,
				85B1CC5327B70B1B0031698A /* lib in Resources */,
				85B1CC4127B70B1B0031698A /* dataview.css in Resources */,
				85B1CC4E27B70B1B0031698A /* COPYING in Resources */,
				85B1CC4F27B70B1B0031698A /* converters.js in Resources */,
				85B1CC5527B70B1B0031698A /* helpers.js in Resources */,
				85B1CC4927B70B1B0031698A /* helpers_ui.js in Resources */,
				855CC5D92913179800F4F450 /* tabs.css in Resources */,
				85B1CC4A27B70B1B0031698A /* OidcWebid.js in Resources */,
				85B1CC5427B70B1B0031698A /* ttl_gen.js in Resources */,
				85B27E4A2BC097840085F466 /* super_links.js in Resources */,
				85B27E3B2BC0975C0085F466 /* chat-srv.js in Resources */,
				85B1CC4D27B70B1B0031698A /* panel.js in Resources */,
			);
			runOnlyForDeploymentPostprocessing = 0;
		};
		85B1CBDD27B70B1A0031698A /* Resources */ = {
			isa = PBXResourcesBuildPhase;
			buildActionMask = 2147483647;
			files = (
				85B1CC2A27B70B1B0031698A /* oidc-webid-inject.js in Resources */,
				85B27E452BC097780085F466 /* sniffer_nano.js in Resources */,
				85B1CC2627B70B1B0031698A /* background.js in Resources */,
				85B1CC2827B70B1B0031698A /* handlers.js in Resources */,
				850E492A2A5621BB00B26DA8 /* chat-inject.js in Resources */,
				85B1CC2D27B70B1B0031698A /* options.js in Resources */,
				85B1CC3427B70B1B0031698A /* manifest.json in Resources */,
				85B1CC3227B70B1B0031698A /* page_panel.js in Resources */,
				85B27E422BC0976B0085F466 /* frame_text.js in Resources */,
				85B1CC2527B70B1B0031698A /* content.css in Resources */,
				85B1CC3D27B70B1B0031698A /* browser.js in Resources */,
				85B1CC2727B70B1B0031698A /* AUTHORS in Resources */,
				85B1CC3827B70B1B0031698A /* sniffer.js in Resources */,
				85B1CC3327B70B1B0031698A /* panel.html in Resources */,
				85B1CC2427B70B1B0031698A /* html_gen.js in Resources */,
				85B27E492BC097840085F466 /* social_sniffer.js in Resources */,
				85B1CC3927B70B1B0031698A /* options.html in Resources */,
				85B27E402BC0976B0085F466 /* frame_scan.js in Resources */,
				85B1CC3E27B70B1B0031698A /* CREDITS in Resources */,
				85B1CC3C27B70B1B0031698A /* background.html in Resources */,
				85B1CC2927B70B1B0031698A /* images in Resources */,
				85B1CC3F27B70B1B0031698A /* settings.js in Resources */,
				85B1CC2E27B70B1B0031698A /* datablock.js in Resources */,
				85B1CC3A27B70B1B0031698A /* page_panel.html in Resources */,
				85B1CC3B27B70B1B0031698A /* utils.js in Resources */,
				85B1CC3527B70B1B0031698A /* lib in Resources */,
				85B1CC2327B70B1B0031698A /* dataview.css in Resources */,
				85B1CC3027B70B1B0031698A /* COPYING in Resources */,
				85B1CC3127B70B1B0031698A /* converters.js in Resources */,
				85B1CC3727B70B1B0031698A /* helpers.js in Resources */,
				85B1CC2B27B70B1B0031698A /* helpers_ui.js in Resources */,
				855CC5DA2913179800F4F450 /* tabs.css in Resources */,
				85B1CC2C27B70B1B0031698A /* OidcWebid.js in Resources */,
				85B1CC3627B70B1B0031698A /* ttl_gen.js in Resources */,
				85B27E4B2BC097840085F466 /* super_links.js in Resources */,
				85B27E3C2BC0975C0085F466 /* chat-srv.js in Resources */,
				85B1CC2F27B70B1B0031698A /* panel.js in Resources */,
			);
			runOnlyForDeploymentPostprocessing = 0;
		};
/* End PBXResourcesBuildPhase section */

/* Begin PBXSourcesBuildPhase section */
		85B1CBB227B70B1A0031698A /* Sources */ = {
			isa = PBXSourcesBuildPhase;
			buildActionMask = 2147483647;
			files = (
				85B1CBEE27B70B1A0031698A /* ViewController.swift in Sources */,
				85B1CBBA27B70B1A0031698A /* AppDelegate.swift in Sources */,
				85B1CBBC27B70B1A0031698A /* SceneDelegate.swift in Sources */,
			);
			runOnlyForDeploymentPostprocessing = 0;
		};
		85B1CBC427B70B1A0031698A /* Sources */ = {
			isa = PBXSourcesBuildPhase;
			buildActionMask = 2147483647;
			files = (
				85B1CBEF27B70B1A0031698A /* ViewController.swift in Sources */,
				85B1CBCB27B70B1A0031698A /* AppDelegate.swift in Sources */,
			);
			runOnlyForDeploymentPostprocessing = 0;
		};
		85B1CBD127B70B1A0031698A /* Sources */ = {
			isa = PBXSourcesBuildPhase;
			buildActionMask = 2147483647;
			files = (
				85B1CBF227B70B1A0031698A /* SafariWebExtensionHandler.swift in Sources */,
			);
			runOnlyForDeploymentPostprocessing = 0;
		};
		85B1CBDB27B70B1A0031698A /* Sources */ = {
			isa = PBXSourcesBuildPhase;
			buildActionMask = 2147483647;
			files = (
				85B1CBF327B70B1A0031698A /* SafariWebExtensionHandler.swift in Sources */,
			);
			runOnlyForDeploymentPostprocessing = 0;
		};
/* End PBXSourcesBuildPhase section */

/* Begin PBXTargetDependency section */
		85B1CBD827B70B1A0031698A /* PBXTargetDependency */ = {
			isa = PBXTargetDependency;
			target = 85B1CBD427B70B1A0031698A /* OSDS Extension (iOS) */;
			targetProxy = 85B1CBD727B70B1A0031698A /* PBXContainerItemProxy */;
		};
		85B1CBE227B70B1A0031698A /* PBXTargetDependency */ = {
			isa = PBXTargetDependency;
			target = 85B1CBDE27B70B1A0031698A /* OSDS Extension (macOS) */;
			targetProxy = 85B1CBE127B70B1A0031698A /* PBXContainerItemProxy */;
		};
/* End PBXTargetDependency section */

/* Begin PBXVariantGroup section */
		85B1CBA927B70B180031698A /* Main.html */ = {
			isa = PBXVariantGroup;
			children = (
				85B1CBAA27B70B180031698A /* Base */,
			);
			name = Main.html;
			sourceTree = "<group>";
		};
		85B1CBBD27B70B1A0031698A /* LaunchScreen.storyboard */ = {
			isa = PBXVariantGroup;
			children = (
				85B1CBBE27B70B1A0031698A /* Base */,
			);
			name = LaunchScreen.storyboard;
			sourceTree = "<group>";
		};
		85B1CBC027B70B1A0031698A /* Main.storyboard */ = {
			isa = PBXVariantGroup;
			children = (
				85B1CBC127B70B1A0031698A /* Base */,
			);
			name = Main.storyboard;
			sourceTree = "<group>";
		};
		85B1CBCC27B70B1A0031698A /* Main.storyboard */ = {
			isa = PBXVariantGroup;
			children = (
				85B1CBCD27B70B1A0031698A /* Base */,
			);
			name = Main.storyboard;
			sourceTree = "<group>";
		};
/* End PBXVariantGroup section */

/* Begin XCBuildConfiguration section */
		85B1CBF427B70B1A0031698A /* Debug */ = {
			isa = XCBuildConfiguration;
			buildSettings = {
				ALWAYS_SEARCH_USER_PATHS = NO;
				CLANG_ANALYZER_NONNULL = YES;
				CLANG_ANALYZER_NUMBER_OBJECT_CONVERSION = YES_AGGRESSIVE;
				CLANG_CXX_LANGUAGE_STANDARD = "gnu++17";
				CLANG_CXX_LIBRARY = "libc++";
				CLANG_ENABLE_MODULES = YES;
				CLANG_ENABLE_OBJC_ARC = YES;
				CLANG_ENABLE_OBJC_WEAK = YES;
				CLANG_WARN_BLOCK_CAPTURE_AUTORELEASING = YES;
				CLANG_WARN_BOOL_CONVERSION = YES;
				CLANG_WARN_COMMA = YES;
				CLANG_WARN_CONSTANT_CONVERSION = YES;
				CLANG_WARN_DEPRECATED_OBJC_IMPLEMENTATIONS = YES;
				CLANG_WARN_DIRECT_OBJC_ISA_USAGE = YES_ERROR;
				CLANG_WARN_DOCUMENTATION_COMMENTS = YES;
				CLANG_WARN_EMPTY_BODY = YES;
				CLANG_WARN_ENUM_CONVERSION = YES;
				CLANG_WARN_INFINITE_RECURSION = YES;
				CLANG_WARN_INT_CONVERSION = YES;
				CLANG_WARN_NON_LITERAL_NULL_CONVERSION = YES;
				CLANG_WARN_OBJC_IMPLICIT_RETAIN_SELF = YES;
				CLANG_WARN_OBJC_LITERAL_CONVERSION = YES;
				CLANG_WARN_OBJC_ROOT_CLASS = YES_ERROR;
				CLANG_WARN_QUOTED_INCLUDE_IN_FRAMEWORK_HEADER = YES;
				CLANG_WARN_RANGE_LOOP_ANALYSIS = YES;
				CLANG_WARN_STRICT_PROTOTYPES = YES;
				CLANG_WARN_SUSPICIOUS_MOVE = YES;
				CLANG_WARN_UNGUARDED_AVAILABILITY = YES_AGGRESSIVE;
				CLANG_WARN_UNREACHABLE_CODE = YES;
				CLANG_WARN__DUPLICATE_METHOD_MATCH = YES;
				COPY_PHASE_STRIP = NO;
				DEBUG_INFORMATION_FORMAT = dwarf;
				ENABLE_STRICT_OBJC_MSGSEND = YES;
				ENABLE_TESTABILITY = YES;
				GCC_C_LANGUAGE_STANDARD = gnu11;
				GCC_DYNAMIC_NO_PIC = NO;
				GCC_NO_COMMON_BLOCKS = YES;
				GCC_OPTIMIZATION_LEVEL = 0;
				GCC_PREPROCESSOR_DEFINITIONS = (
					"DEBUG=1",
					"$(inherited)",
				);
				GCC_WARN_64_TO_32_BIT_CONVERSION = YES;
				GCC_WARN_ABOUT_RETURN_TYPE = YES_ERROR;
				GCC_WARN_UNDECLARED_SELECTOR = YES;
				GCC_WARN_UNINITIALIZED_AUTOS = YES_AGGRESSIVE;
				GCC_WARN_UNUSED_FUNCTION = YES;
				GCC_WARN_UNUSED_VARIABLE = YES;
				MTL_ENABLE_DEBUG_INFO = INCLUDE_SOURCE;
				MTL_FAST_MATH = YES;
				ONLY_ACTIVE_ARCH = YES;
				SWIFT_ACTIVE_COMPILATION_CONDITIONS = DEBUG;
				SWIFT_OPTIMIZATION_LEVEL = "-Onone";
			};
			name = Debug;
		};
		85B1CBF527B70B1A0031698A /* Release */ = {
			isa = XCBuildConfiguration;
			buildSettings = {
				ALWAYS_SEARCH_USER_PATHS = NO;
				CLANG_ANALYZER_NONNULL = YES;
				CLANG_ANALYZER_NUMBER_OBJECT_CONVERSION = YES_AGGRESSIVE;
				CLANG_CXX_LANGUAGE_STANDARD = "gnu++17";
				CLANG_CXX_LIBRARY = "libc++";
				CLANG_ENABLE_MODULES = YES;
				CLANG_ENABLE_OBJC_ARC = YES;
				CLANG_ENABLE_OBJC_WEAK = YES;
				CLANG_WARN_BLOCK_CAPTURE_AUTORELEASING = YES;
				CLANG_WARN_BOOL_CONVERSION = YES;
				CLANG_WARN_COMMA = YES;
				CLANG_WARN_CONSTANT_CONVERSION = YES;
				CLANG_WARN_DEPRECATED_OBJC_IMPLEMENTATIONS = YES;
				CLANG_WARN_DIRECT_OBJC_ISA_USAGE = YES_ERROR;
				CLANG_WARN_DOCUMENTATION_COMMENTS = YES;
				CLANG_WARN_EMPTY_BODY = YES;
				CLANG_WARN_ENUM_CONVERSION = YES;
				CLANG_WARN_INFINITE_RECURSION = YES;
				CLANG_WARN_INT_CONVERSION = YES;
				CLANG_WARN_NON_LITERAL_NULL_CONVERSION = YES;
				CLANG_WARN_OBJC_IMPLICIT_RETAIN_SELF = YES;
				CLANG_WARN_OBJC_LITERAL_CONVERSION = YES;
				CLANG_WARN_OBJC_ROOT_CLASS = YES_ERROR;
				CLANG_WARN_QUOTED_INCLUDE_IN_FRAMEWORK_HEADER = YES;
				CLANG_WARN_RANGE_LOOP_ANALYSIS = YES;
				CLANG_WARN_STRICT_PROTOTYPES = YES;
				CLANG_WARN_SUSPICIOUS_MOVE = YES;
				CLANG_WARN_UNGUARDED_AVAILABILITY = YES_AGGRESSIVE;
				CLANG_WARN_UNREACHABLE_CODE = YES;
				CLANG_WARN__DUPLICATE_METHOD_MATCH = YES;
				COPY_PHASE_STRIP = NO;
				DEBUG_INFORMATION_FORMAT = "dwarf-with-dsym";
				ENABLE_NS_ASSERTIONS = NO;
				ENABLE_STRICT_OBJC_MSGSEND = YES;
				GCC_C_LANGUAGE_STANDARD = gnu11;
				GCC_NO_COMMON_BLOCKS = YES;
				GCC_WARN_64_TO_32_BIT_CONVERSION = YES;
				GCC_WARN_ABOUT_RETURN_TYPE = YES_ERROR;
				GCC_WARN_UNDECLARED_SELECTOR = YES;
				GCC_WARN_UNINITIALIZED_AUTOS = YES_AGGRESSIVE;
				GCC_WARN_UNUSED_FUNCTION = YES;
				GCC_WARN_UNUSED_VARIABLE = YES;
				MTL_ENABLE_DEBUG_INFO = NO;
				MTL_FAST_MATH = YES;
				SWIFT_COMPILATION_MODE = wholemodule;
				SWIFT_OPTIMIZATION_LEVEL = "-O";
			};
			name = Release;
		};
		85B1CBF727B70B1A0031698A /* Debug */ = {
			isa = XCBuildConfiguration;
			buildSettings = {
				CODE_SIGN_STYLE = Automatic;
				CURRENT_PROJECT_VERSION = 1;
				DEVELOPMENT_TEAM = E4G7YC8M82;
				GENERATE_INFOPLIST_FILE = YES;
				INFOPLIST_FILE = "iOS (Extension)/Info.plist";
				INFOPLIST_KEY_CFBundleDisplayName = "OSDS Extension";
				INFOPLIST_KEY_NSHumanReadableCopyright = "";
				IPHONEOS_DEPLOYMENT_TARGET = 15.0;
				LD_RUNPATH_SEARCH_PATHS = (
					"$(inherited)",
					"@executable_path/Frameworks",
					"@executable_path/../../Frameworks",
				);
				MARKETING_VERSION = 1.0;
				OTHER_LDFLAGS = (
					"-framework",
					SafariServices,
				);
				PRODUCT_BUNDLE_IDENTIFIER = com.openlinksw.OSDS.Extension;
				PRODUCT_NAME = "OSDS Extension";
				SDKROOT = iphoneos;
				SKIP_INSTALL = YES;
				SWIFT_EMIT_LOC_STRINGS = YES;
				SWIFT_VERSION = 5.0;
				TARGETED_DEVICE_FAMILY = "1,2";
			};
			name = Debug;
		};
		85B1CBF827B70B1A0031698A /* Release */ = {
			isa = XCBuildConfiguration;
			buildSettings = {
				CODE_SIGN_STYLE = Automatic;
				CURRENT_PROJECT_VERSION = 1;
				DEVELOPMENT_TEAM = E4G7YC8M82;
				GENERATE_INFOPLIST_FILE = YES;
				INFOPLIST_FILE = "iOS (Extension)/Info.plist";
				INFOPLIST_KEY_CFBundleDisplayName = "OSDS Extension";
				INFOPLIST_KEY_NSHumanReadableCopyright = "";
				IPHONEOS_DEPLOYMENT_TARGET = 15.0;
				LD_RUNPATH_SEARCH_PATHS = (
					"$(inherited)",
					"@executable_path/Frameworks",
					"@executable_path/../../Frameworks",
				);
				MARKETING_VERSION = 1.0;
				OTHER_LDFLAGS = (
					"-framework",
					SafariServices,
				);
				PRODUCT_BUNDLE_IDENTIFIER = com.openlinksw.OSDS.Extension;
				PRODUCT_NAME = "OSDS Extension";
				SDKROOT = iphoneos;
				SKIP_INSTALL = YES;
				SWIFT_EMIT_LOC_STRINGS = YES;
				SWIFT_VERSION = 5.0;
				TARGETED_DEVICE_FAMILY = "1,2";
				VALIDATE_PRODUCT = YES;
			};
			name = Release;
		};
		85B1CBFB27B70B1A0031698A /* Debug */ = {
			isa = XCBuildConfiguration;
			buildSettings = {
				ALWAYS_EMBED_SWIFT_STANDARD_LIBRARIES = YES;
				ASSETCATALOG_COMPILER_APPICON_NAME = AppIcon;
				ASSETCATALOG_COMPILER_GLOBAL_ACCENT_COLOR_NAME = AccentColor;
				CODE_SIGN_STYLE = Automatic;
				CURRENT_PROJECT_VERSION = 1;
				DEVELOPMENT_TEAM = E4G7YC8M82;
				GENERATE_INFOPLIST_FILE = YES;
				INFOPLIST_FILE = "iOS (App)/Info.plist";
				INFOPLIST_KEY_CFBundleDisplayName = OSDS;
				INFOPLIST_KEY_UIApplicationSupportsIndirectInputEvents = YES;
				INFOPLIST_KEY_UILaunchStoryboardName = LaunchScreen;
				INFOPLIST_KEY_UIMainStoryboardFile = Main;
				INFOPLIST_KEY_UISupportedInterfaceOrientations = "UIInterfaceOrientationPortrait UIInterfaceOrientationLandscapeLeft UIInterfaceOrientationLandscapeRight";
				INFOPLIST_KEY_UISupportedInterfaceOrientations_iPad = "UIInterfaceOrientationPortrait UIInterfaceOrientationPortraitUpsideDown UIInterfaceOrientationLandscapeLeft UIInterfaceOrientationLandscapeRight";
				IPHONEOS_DEPLOYMENT_TARGET = 15.0;
				LD_RUNPATH_SEARCH_PATHS = (
					"$(inherited)",
					"@executable_path/Frameworks",
				);
				MARKETING_VERSION = 1.0;
				OTHER_LDFLAGS = (
					"-framework",
					SafariServices,
					"-framework",
					WebKit,
				);
				PRODUCT_BUNDLE_IDENTIFIER = com.openlinksw.OSDS;
				PRODUCT_NAME = OSDS;
				SDKROOT = iphoneos;
				SWIFT_EMIT_LOC_STRINGS = YES;
				SWIFT_VERSION = 5.0;
				TARGETED_DEVICE_FAMILY = "1,2";
			};
			name = Debug;
		};
		85B1CBFC27B70B1A0031698A /* Release */ = {
			isa = XCBuildConfiguration;
			buildSettings = {
				ALWAYS_EMBED_SWIFT_STANDARD_LIBRARIES = YES;
				ASSETCATALOG_COMPILER_APPICON_NAME = AppIcon;
				ASSETCATALOG_COMPILER_GLOBAL_ACCENT_COLOR_NAME = AccentColor;
				CODE_SIGN_STYLE = Automatic;
				CURRENT_PROJECT_VERSION = 1;
				DEVELOPMENT_TEAM = E4G7YC8M82;
				GENERATE_INFOPLIST_FILE = YES;
				INFOPLIST_FILE = "iOS (App)/Info.plist";
				INFOPLIST_KEY_CFBundleDisplayName = OSDS;
				INFOPLIST_KEY_UIApplicationSupportsIndirectInputEvents = YES;
				INFOPLIST_KEY_UILaunchStoryboardName = LaunchScreen;
				INFOPLIST_KEY_UIMainStoryboardFile = Main;
				INFOPLIST_KEY_UISupportedInterfaceOrientations = "UIInterfaceOrientationPortrait UIInterfaceOrientationLandscapeLeft UIInterfaceOrientationLandscapeRight";
				INFOPLIST_KEY_UISupportedInterfaceOrientations_iPad = "UIInterfaceOrientationPortrait UIInterfaceOrientationPortraitUpsideDown UIInterfaceOrientationLandscapeLeft UIInterfaceOrientationLandscapeRight";
				IPHONEOS_DEPLOYMENT_TARGET = 15.0;
				LD_RUNPATH_SEARCH_PATHS = (
					"$(inherited)",
					"@executable_path/Frameworks",
				);
				MARKETING_VERSION = 1.0;
				OTHER_LDFLAGS = (
					"-framework",
					SafariServices,
					"-framework",
					WebKit,
				);
				PRODUCT_BUNDLE_IDENTIFIER = com.openlinksw.OSDS;
				PRODUCT_NAME = OSDS;
				SDKROOT = iphoneos;
				SWIFT_EMIT_LOC_STRINGS = YES;
				SWIFT_VERSION = 5.0;
				TARGETED_DEVICE_FAMILY = "1,2";
				VALIDATE_PRODUCT = YES;
			};
			name = Release;
		};
		85B1CBFE27B70B1A0031698A /* Debug */ = {
			isa = XCBuildConfiguration;
			buildSettings = {
				CODE_SIGN_ENTITLEMENTS = "macOS (Extension)/OSDS.entitlements";
				CODE_SIGN_STYLE = Automatic;
				CURRENT_PROJECT_VERSION = 27;
				DEVELOPMENT_TEAM = E4G7YC8M82;
				ENABLE_HARDENED_RUNTIME = YES;
				GENERATE_INFOPLIST_FILE = YES;
				INFOPLIST_FILE = "macOS (Extension)/Info.plist";
				INFOPLIST_KEY_CFBundleDisplayName = "OSDS Extension";
				INFOPLIST_KEY_NSHumanReadableCopyright = "";
				LD_RUNPATH_SEARCH_PATHS = (
					"$(inherited)",
					"@executable_path/../Frameworks",
					"@executable_path/../../../../Frameworks",
				);
				MACOSX_DEPLOYMENT_TARGET = 10.14;
				MARKETING_VERSION = 1.15;
				OTHER_LDFLAGS = (
					"-framework",
					SafariServices,
				);
				PRODUCT_BUNDLE_IDENTIFIER = com.openlinksw.OSDS.Extension;
				PRODUCT_NAME = "OSDS Extension";
				SDKROOT = macosx;
				SKIP_INSTALL = YES;
				SWIFT_EMIT_LOC_STRINGS = YES;
				SWIFT_VERSION = 5.0;
			};
			name = Debug;
		};
		85B1CBFF27B70B1A0031698A /* Release */ = {
			isa = XCBuildConfiguration;
			buildSettings = {
				CODE_SIGN_ENTITLEMENTS = "macOS (Extension)/OSDS.entitlements";
				CODE_SIGN_STYLE = Automatic;
				CURRENT_PROJECT_VERSION = 27;
				DEVELOPMENT_TEAM = E4G7YC8M82;
				ENABLE_HARDENED_RUNTIME = YES;
				GENERATE_INFOPLIST_FILE = YES;
				INFOPLIST_FILE = "macOS (Extension)/Info.plist";
				INFOPLIST_KEY_CFBundleDisplayName = "OSDS Extension";
				INFOPLIST_KEY_NSHumanReadableCopyright = "";
				LD_RUNPATH_SEARCH_PATHS = (
					"$(inherited)",
					"@executable_path/../Frameworks",
					"@executable_path/../../../../Frameworks",
				);
				MACOSX_DEPLOYMENT_TARGET = 10.14;
				MARKETING_VERSION = 1.15;
				OTHER_LDFLAGS = (
					"-framework",
					SafariServices,
				);
				PRODUCT_BUNDLE_IDENTIFIER = com.openlinksw.OSDS.Extension;
				PRODUCT_NAME = "OSDS Extension";
				SDKROOT = macosx;
				SKIP_INSTALL = YES;
				SWIFT_EMIT_LOC_STRINGS = YES;
				SWIFT_VERSION = 5.0;
			};
			name = Release;
		};
		85B1CC0227B70B1A0031698A /* Debug */ = {
			isa = XCBuildConfiguration;
			buildSettings = {
				ALWAYS_EMBED_SWIFT_STANDARD_LIBRARIES = YES;
				ASSETCATALOG_COMPILER_APPICON_NAME = AppIcon;
				ASSETCATALOG_COMPILER_GLOBAL_ACCENT_COLOR_NAME = AccentColor;
				CODE_SIGN_ENTITLEMENTS = "macOS (App)/OSDS.entitlements";
				CODE_SIGN_STYLE = Automatic;
				CURRENT_PROJECT_VERSION = 27;
				DEVELOPMENT_TEAM = E4G7YC8M82;
				ENABLE_HARDENED_RUNTIME = YES;
				GENERATE_INFOPLIST_FILE = YES;
				INFOPLIST_FILE = "macOS (App)/Info.plist";
				INFOPLIST_KEY_CFBundleDisplayName = OSDS;
				INFOPLIST_KEY_LSApplicationCategoryType = "public.app-category.utilities";
				INFOPLIST_KEY_NSMainStoryboardFile = Main;
				INFOPLIST_KEY_NSPrincipalClass = NSApplication;
				LD_RUNPATH_SEARCH_PATHS = (
					"$(inherited)",
					"@executable_path/../Frameworks",
				);
				MACOSX_DEPLOYMENT_TARGET = 10.14;
				MARKETING_VERSION = 1.15;
				OTHER_LDFLAGS = (
					"-framework",
					SafariServices,
					"-framework",
					WebKit,
				);
				PRODUCT_BUNDLE_IDENTIFIER = com.openlinksw.OSDS;
				PRODUCT_NAME = OSDS;
				SDKROOT = macosx;
				SWIFT_EMIT_LOC_STRINGS = YES;
				SWIFT_VERSION = 5.0;
			};
			name = Debug;
		};
		85B1CC0327B70B1A0031698A /* Release */ = {
			isa = XCBuildConfiguration;
			buildSettings = {
				ALWAYS_EMBED_SWIFT_STANDARD_LIBRARIES = YES;
				ASSETCATALOG_COMPILER_APPICON_NAME = AppIcon;
				ASSETCATALOG_COMPILER_GLOBAL_ACCENT_COLOR_NAME = AccentColor;
				CODE_SIGN_ENTITLEMENTS = "OSDS (macOS)Release.entitlements";
				CODE_SIGN_STYLE = Automatic;
				CURRENT_PROJECT_VERSION = 27;
				DEVELOPMENT_TEAM = E4G7YC8M82;
				ENABLE_HARDENED_RUNTIME = YES;
				GENERATE_INFOPLIST_FILE = YES;
				INFOPLIST_FILE = "macOS (App)/Info.plist";
				INFOPLIST_KEY_CFBundleDisplayName = OSDS;
				INFOPLIST_KEY_LSApplicationCategoryType = "public.app-category.utilities";
				INFOPLIST_KEY_NSMainStoryboardFile = Main;
				INFOPLIST_KEY_NSPrincipalClass = NSApplication;
				LD_RUNPATH_SEARCH_PATHS = (
					"$(inherited)",
					"@executable_path/../Frameworks",
				);
				MACOSX_DEPLOYMENT_TARGET = 10.14;
				MARKETING_VERSION = 1.15;
				OTHER_LDFLAGS = (
					"-framework",
					SafariServices,
					"-framework",
					WebKit,
				);
				PRODUCT_BUNDLE_IDENTIFIER = com.openlinksw.OSDS;
				PRODUCT_NAME = OSDS;
				SDKROOT = macosx;
				SWIFT_EMIT_LOC_STRINGS = YES;
				SWIFT_VERSION = 5.0;
			};
			name = Release;
		};
/* End XCBuildConfiguration section */

/* Begin XCConfigurationList section */
		85B1CBA627B70B180031698A /* Build configuration list for PBXProject "OSDS" */ = {
			isa = XCConfigurationList;
			buildConfigurations = (
				85B1CBF427B70B1A0031698A /* Debug */,
				85B1CBF527B70B1A0031698A /* Release */,
			);
			defaultConfigurationIsVisible = 0;
			defaultConfigurationName = Release;
		};
		85B1CBF627B70B1A0031698A /* Build configuration list for PBXNativeTarget "OSDS Extension (iOS)" */ = {
			isa = XCConfigurationList;
			buildConfigurations = (
				85B1CBF727B70B1A0031698A /* Debug */,
				85B1CBF827B70B1A0031698A /* Release */,
			);
			defaultConfigurationIsVisible = 0;
			defaultConfigurationName = Release;
		};
		85B1CBFA27B70B1A0031698A /* Build configuration list for PBXNativeTarget "OSDS (iOS)" */ = {
			isa = XCConfigurationList;
			buildConfigurations = (
				85B1CBFB27B70B1A0031698A /* Debug */,
				85B1CBFC27B70B1A0031698A /* Release */,
			);
			defaultConfigurationIsVisible = 0;
			defaultConfigurationName = Release;
		};
		85B1CBFD27B70B1A0031698A /* Build configuration list for PBXNativeTarget "OSDS Extension (macOS)" */ = {
			isa = XCConfigurationList;
			buildConfigurations = (
				85B1CBFE27B70B1A0031698A /* Debug */,
				85B1CBFF27B70B1A0031698A /* Release */,
			);
			defaultConfigurationIsVisible = 0;
			defaultConfigurationName = Release;
		};
		85B1CC0127B70B1A0031698A /* Build configuration list for PBXNativeTarget "OSDS (macOS)" */ = {
			isa = XCConfigurationList;
			buildConfigurations = (
				85B1CC0227B70B1A0031698A /* Debug */,
				85B1CC0327B70B1A0031698A /* Release */,
			);
			defaultConfigurationIsVisible = 0;
			defaultConfigurationName = Release;
		};
/* End XCConfigurationList section */
	};
	rootObject = 85B1CBA327B70B180031698A /* Project object */;
}
